
Microsoft Visual Studio Solution File, Format Version 12.00
# Visual Studio Version 17
VisualStudioVersion = 17.8.34330.188
MinimumVisualStudioVersion = 10.0.40219.1
Project("{FAE04EC0-301F-11D3-BF4B-00C04F79EFBC}") = "KriptoCüzdan", "KriptoCüzdan\KriptoCüzdan.csproj", "{1ED2188C-E28F-4684-8468-942B427ADB6F}"
EndProject
Global
	GlobalSection(SolutionConfigurationPlatforms) = preSolution
		Debug|Any CPU = Debug|Any CPU
		Release|Any CPU = Release|Any CPU
	EndGlobalSection
	GlobalSection(ProjectConfigurationPlatforms) = postSolution
		{1ED2188C-E28F-4684-8468-942B427ADB6F}.Debug|Any CPU.ActiveCfg = Debug|Any CPU
		{1ED2188C-E28F-4684-8468-942B427ADB6F}.Debug|Any CPU.Build.0 = Debug|Any CPU
		{1ED2188C-E28F-4684-8468-942B427ADB6F}.Release|Any CPU.ActiveCfg = Release|Any CPU
		{1ED2188C-E28F-4684-8468-942B427ADB6F}.Release|Any CPU.Build.0 = Release|Any CPU
	EndGlobalSection
	GlobalSection(SolutionProperties) = preSolution
		HideSolutionNode = FALSE
	EndGlobalSection
	GlobalSection(ExtensibilityGlobals) = postSolution
		SolutionGuid = {92C8CD0F-59D0-4AB6-9E4F-A87DC2B1ABCD}
	EndGlobalSection
EndGlobal
